
Microsoft Visual Studio Solution File, Format Version 12.00
# Visual Studio Version 16
VisualStudioVersion = 16.0.33423.256
MinimumVisualStudioVersion = 10.0.40219.1
Project("{FAE04EC0-301F-11D3-BF4B-00C04F79EFBC}") = "remote-access-server", "remote-access-server\remote-access-server.csproj", "{16DE61D9-B476-4239-8E22-BCE70AE81A20}"
EndProject
Global
	GlobalSection(SolutionConfigurationPlatforms) = preSolution
		Debug|Any CPU = Debug|Any CPU
		Release|Any CPU = Release|Any CPU
	EndGlobalSection
	GlobalSection(ProjectConfigurationPlatforms) = postSolution
		{16DE61D9-B476-4239-8E22-BCE70AE81A20}.Debug|Any CPU.ActiveCfg = Debug|Any CPU
		{16DE61D9-B476-4239-8E22-BCE70AE81A20}.Debug|Any CPU.Build.0 = Debug|Any CPU
		{16DE61D9-B476-4239-8E22-BCE70AE81A20}.Release|Any CPU.ActiveCfg = Release|Any CPU
		{16DE61D9-B476-4239-8E22-BCE70AE81A20}.Release|Any CPU.Build.0 = Release|Any CPU
	EndGlobalSection
	GlobalSection(SolutionProperties) = preSolution
		HideSolutionNode = FALSE
	EndGlobalSection
	GlobalSection(ExtensibilityGlobals) = postSolution
		SolutionGuid = {5106A982-86AD-488F-A2AC-EB8A03917907}
	EndGlobalSection
EndGlobal
